Microsoft Visual Studio Solution File, Format Version 12.00
# Visual Studio Version 16
VisualStudioVersion = 16.0.29403.142
MinimumVisualStudioVersion = 10.0.40219.1
Project("{FAE04EC0-301F-11D3-BF4B-00C04F79EFBC}") = "bench", "src\bench\bench.csproj", "{9A0D72AD-1392-40E3-AB87-0278CE4893AE}"
EndProject
Project("{FAE04EC0-301F-11D3-BF4B-00C04F79EFBC}") = "cli", "src\cli\cli.csproj", "{AAEAB225-A965-431E-9D6B-A5452983453A}"
EndProject
Project("{FAE04EC0-301F-11D3-BF4B-00C04F79EFBC}") = "lib", "src\lib\lib.csproj", "{A9E171A5-3748-468E-9440-CAB8BDE70F35}"
EndProject
Project("{FAE04EC0-301F-11D3-BF4B-00C04F79EFBC}") = "tests", "src\tests\tests.csproj", "{BCD07909-ED8F-4E64-A044-197B24C3EB67}"
EndProject
Global
	GlobalSection(SolutionConfigurationPlatforms) = preSolution
		Debug|Any CPU = Debug|Any CPU
		Release|Any CPU = Release|Any CPU
	EndGlobalSection
	GlobalSection(SolutionProperties) = preSolution
		HideSolutionNode = FALSE
	EndGlobalSection
	GlobalSection(ProjectConfigurationPlatforms) = postSolution
		{9A0D72AD-1392-40E3-AB87-0278CE4893AE}.Debug|Any CPU.ActiveCfg = Debug|Any CPU
		{9A0D72AD-1392-40E3-AB87-0278CE4893AE}.Debug|Any CPU.Build.0 = Debug|Any CPU
		{9A0D72AD-1392-40E3-AB87-0278CE4893AE}.Release|Any CPU.ActiveCfg = Release|Any CPU
		{9A0D72AD-1392-40E3-AB87-0278CE4893AE}.Release|Any CPU.Build.0 = Release|Any CPU
		{AAEAB225-A965-431E-9D6B-A5452983453A}.Debug|Any CPU.ActiveCfg = Debug|Any CPU
		{AAEAB225-A965-431E-9D6B-A5452983453A}.Debug|Any CPU.Build.0 = Debug|Any CPU
		{AAEAB225-A965-431E-9D6B-A5452983453A}.Release|Any CPU.ActiveCfg = Release|Any CPU
		{AAEAB225-A965-431E-9D6B-A5452983453A}.Release|Any CPU.Build.0 = Release|Any CPU
		{A9E171A5-3748-468E-9440-CAB8BDE70F35}.Debug|Any CPU.ActiveCfg = Debug|Any CPU
		{A9E171A5-3748-468E-9440-CAB8BDE70F35}.Debug|Any CPU.Build.0 = Debug|Any CPU
		{A9E171A5-3748-468E-9440-CAB8BDE70F35}.Release|Any CPU.ActiveCfg = Release|Any CPU
		{A9E171A5-3748-468E-9440-CAB8BDE70F35}.Release|Any CPU.Build.0 = Release|Any CPU
		{BCD07909-ED8F-4E64-A044-197B24C3EB67}.Debug|Any CPU.ActiveCfg = Debug|Any CPU
		{BCD07909-ED8F-4E64-A044-197B24C3EB67}.Debug|Any CPU.Build.0 = Debug|Any CPU
		{BCD07909-ED8F-4E64-A044-197B24C3EB67}.Release|Any CPU.ActiveCfg = Release|Any CPU
		{BCD07909-ED8F-4E64-A044-197B24C3EB67}.Release|Any CPU.Build.0 = Release|Any CPU
	EndGlobalSection
	GlobalSection(ExtensibilityGlobals) = postSolution
		SolutionGuid = {10DFA621-64F4-4A3C-AAF0-367E4BF38C4A}
	EndGlobalSection
EndGlobal
